{
    "version": "0.5",
    "requires": [
        "zstd/1.5.5#b87dc3b185caa4b122979ac4ae8ef7e8%1699046809.017",
        "vulkan-headers/1.3.296.0#d3016741798609ba9dfa100c7a80ad5b%1730049313.734",
        "tsl-ordered-map/1.1.0#8ddec55fa369456ef4319f42bcb9af49%1694770345.954",
        "stb/cci.20240531#ede183dce303916dab0c1b835df3926a%1720366012.336",
        "spdlog/1.15.0#da21f74dd84627fa68601c4e3b9c3f00%1731353167.297",
        "opengl/system#4df6fecde4084386beded3ed0e56e4ea%1709801735.507",
        "ktx/4.3.2#5cdb5ff71d0bcca8f3f243946454c448%1716133493.851",
        "gsl-lite/0.42.0#1a0c9f187d3435370fd9752437abb768%1730720255.818",
        "glm/1.0.1#94392c53a527f7d830119b84fe80c754%1713951421.775",
        "glfw/3.4#41cc24c744dc4c80571f5dd10dcd9cda%1732635892.515",
        "fmt/11.0.2#5c7438ef4d5d69ab106a41e460ce11f3%1721637745.688",
        "entt/3.14.0#578c094ee0af1ad2882005a294d92f38%1730025813.55"
    ],
    "build_requires": [],
    "python_requires": [],
    "config_requires": []
}