{
    "version": "0.5",
    "requires": [
        "zstd/1.5.5#8400bcba21d1b495dca55edf3f065246%1744114239.76",
        "zlib/1.3.1#b8bc2603263cf7eccbd6e17e66b0ed76%1733936244.862",
        "vulkan-memory-allocator/3.2.1",
        "vulkan-headers/1.3.296.0#d3016741798609ba9dfa100c7a80ad5b%1730049313.734",
        "vorbis/1.3.7#a019e93187ade6ee8a51762f88092604%1743676138.386",
        "vk-bootstrap/1.3.296#9971d6e0903e360270d0f044d8b0f7ac%1744368806.547",
        "tsl-ordered-map/1.1.0#8ddec55fa369456ef4319f42bcb9af49%1694770345.954",
        "tl-function-ref/1.0.0#8efcfa342c5169b3c260a290257d7eee%1685725656.215",
        "stb/cci.20240531#ede183dce303916dab0c1b835df3926a%1720366012.336",
        "spdlog/1.15.3#3ca0e9e6b83af4d0151e26541d140c86%1748617970.519",
        "simdjson/3.13.0#cb9047537c259c8d78e1c7a03d44e923%1755520675.22",
        "sfml/3.0.1",
        "opengl/system#7c02ea6ef926fd04844af53622a30541%1730805494.23",
        "ogg/1.3.5#e8186fe05ebe9f8e706fa4bde2164d12%1743515256.147",
        "libpng/1.6.50#c96b3b9fa67d44545d6583bb0c348904%1751616189.701",
        "ktx/4.3.2#67c1a13154eccd97719548e699aa233a%1749040138.815",
        "gsl-lite/1.0.1#14a48c70b7a0409252f2aa3c043f621a%1758118054.793",
        "glm/1.0.1#94392c53a527f7d830119b84fe80c754%1713951421.775",
        "glfw/3.4#41cc24c744dc4c80571f5dd10dcd9cda%1732635892.515",
        "function2/4.2.5#20cd5f644e0f4ad53e2372eb472c5573%1753704543.825",
        "freetype/2.13.2#18656f7a6d52256a930f1cbd79f1509d%1756828316.696",
        "fmt/12.0.0#dc7de7f3968e5d6b377f27b7d0f33916%1758262922.745",
        "flac/1.4.3#bc0ae2ef64d5b8796664725eabff4bff%1744100951.353",
        "fastgltf/0.9.0#af8b34e3a5ba67aebfafe33b189eaf62%1755516102.829",
        "entt/3.15.0#bbfeab95cf2cd68b637e8e9de719dccc%1744904892.297",
        "catch2/3.10.0#961108bb7a9bd40817ea370a0778a662%1756155625.308",
        "bzip2/1.0.8#00b4a4658791c1f06914e087f0e792f5%1744702067.178",
        "brotli/1.1.0#406ce8f1c997f4ef7852fa01ff85ef9f%1743158659.041"
    ],
    "build_requires": [
        "pkgconf/2.2.0#4ac315b50ef734072b00ff3aacbf52bf%1755505628.021",
        "ninja/1.13.1#294f8721dbcde145674f7ba44994700e%1753400352.374",
        "meson/1.9.1#abbc783cd297bedce14581b4aec060b8%1758626166.349",
        "cmake/4.1.1#23ee27eac0192593228fe8ced4680627%1756413041.241",
        "cmake/3.31.9#2032c6471fe4f5a3e17f65fed518d545%1758832282.188",
        "cmake/3.30.5#540068cc37f1d21b42b729c82d6bcb29%1728562547.207"
    ],
    "python_requires": [],
    "overrides": {
        "fmt/11.2.0": [
            "fmt/12.0.0"
        ]
    },
    "config_requires": []
}
