{
    "version": "0.5",
    "requires": [
        "zlib/1.3.1#cac0f6daea041b0ccf42934163defb20%1765284699.337",
        "vulkan-headers/1.4.313.0#83efc4aabdbe58d53aeae9494a720f7e%1747979764.107",
        "tsl-ordered-map/1.1.0#8ddec55fa369456ef4319f42bcb9af49%1694770345.954",
        "tl-function-ref/1.0.0#8efcfa342c5169b3c260a290257d7eee%1685725656.215",
        "stb/cci.20240531#ede183dce303916dab0c1b835df3926a%1720366012.336",
        "spdlog/1.17.0#bcbaaf7147bda6ad24ffbd1ac3d7142c%1767636069.964",
        "sfml/3.0.2#59dcee5d099b9811c814a8c2d69649bf%1764328771.698",
        "opengl/system#cfcf523b9d2bad75cbf377f56562634c%1762526044.744",
        "magic_enum/0.9.7#a67beaf011152f3d3af1a366975b1a1b%1732006816.943",
        "libpng/1.6.55#f32362d4db3c562271d907c99be24091%1770802173.684",
        "glfw/3.4#41cc24c744dc4c80571f5dd10dcd9cda%1732635892.515",
        "freetype/2.13.2#18656f7a6d52256a930f1cbd79f1509d%1756828316.696",
        "fmt/12.1.0#50abab23274d56bb8f42c94b3b9a40c7%1761885265.231",
        "catch2/3.12.0#0477ac73ea43866eb7168f6030b6b591%1767110219.015",
        "bzip2/1.0.8#c470882369c2d95c5c77e970c0c7e321%1762886692.465",
        "brotli/1.1.0#3f631ef77008f7b5eb388780116371a3%1764862343.045"
    ],
    "build_requires": [
        "pkgconf/2.5.1#93c2051284cba1279494a43a4fcfeae2%1757684701.089",
        "ninja/1.13.2#c8c5dc2a52ed6e4e42a66d75b4717ceb%1764096931.974",
        "meson/1.10.1#426d7d29e3e5f7285cb8398d84546734%1772032339.966",
        "cmake/4.3#platform"
    ],
    "python_requires": [],
    "config_requires": []
}
